// !$*UTF8*$!
{
	archiveVersion = 1;
	classes = {
	};
	objectVersion = 48;
	objects = {

/* Begin PBXBuildFile section */
		87038A3C1FA3714800A887FE /* AppDelegate.swift in Sources */ = {isa = PBXBuildFile; fileRef = 87038A3B1FA3714800A887FE /* AppDelegate.swift */; };
		87038A3E1FA3714800A887FE /* CategoriesVC.swift in Sources */ = {isa = PBXBuildFile; fileRef = 87038A3D1FA3714800A887FE /* CategoriesVC.swift */; };
		87038A411FA3714800A887FE /* Main.storyboard in Resources */ = {isa = PBXBuildFile; fileRef = 87038A3F1FA3714800A887FE /* Main.storyboard */; };
		87038A431FA3714800A887FE /* Assets.xcassets in Resources */ = {isa = PBXBuildFile; fileRef = 87038A421FA3714800A887FE /* Assets.xcassets */; };
		87038A461FA3714800A887FE /* LaunchScreen.storyboard in Resources */ = {isa = PBXBuildFile; fileRef = 87038A441FA3714800A887FE /* LaunchScreen.storyboard */; };
		874F414F1FA514D600654FCE /* PlayfairDisplay-Black.ttf in Resources */ = {isa = PBXBuildFile; fileRef = 874F414C1FA514D500654FCE /* PlayfairDisplay-Black.ttf */; };
		874F41501FA514D600654FCE /* PlayfairDisplay-Bold.ttf in Resources */ = {isa = PBXBuildFile; fileRef = 874F414D1FA514D500654FCE /* PlayfairDisplay-Bold.ttf */; };
		874F41511FA514D600654FCE /* PlayfairDisplay-Regular.ttf in Resources */ = {isa = PBXBuildFile; fileRef = 874F414E1FA514D600654FCE /* PlayfairDisplay-Regular.ttf */; };
		874F41531FA516F200654FCE /* CategoryCell.swift in Sources */ = {isa = PBXBuildFile; fileRef = 874F41521FA516F200654FCE /* CategoryCell.swift */; };
		8756249C1FA5DE4600FAF9EE /* Category.swift in Sources */ = {isa = PBXBuildFile; fileRef = 8756249B1FA5DE4600FAF9EE /* Category.swift */; };
		8756249F1FA5E03600FAF9EE /* dataService.swift in Sources */ = {isa = PBXBuildFile; fileRef = 8756249E1FA5E03600FAF9EE /* dataService.swift */; };
		87C7964F1FA6160000CFA68F /* ProductCell.swift in Sources */ = {isa = PBXBuildFile; fileRef = 87C7964E1FA6160000CFA68F /* ProductCell.swift */; };
		87C796511FA6181200CFA68F /* Porduct.swift in Sources */ = {isa = PBXBuildFile; fileRef = 87C796501FA6181200CFA68F /* Porduct.swift */; };
		87C796531FA62F1200CFA68F /* ProductVC.swift in Sources */ = {isa = PBXBuildFile; fileRef = 87C796521FA62F1200CFA68F /* ProductVC.swift */; };
/* End PBXBuildFile section */

/* Begin PBXFileReference section */
		87038A381FA3714800A887FE /* ecmcApp.app */ = {isa = PBXFileReference; explicitFileType = wrapper.application; includeInIndex = 0; path = ecmcApp.app; sourceTree = BUILT_PRODUCTS_DIR; };
		87038A3B1FA3714800A887FE /* AppDelegate.swift */ = {isa = PBXFileReference; lastKnownFileType = sourcecode.swift; path = AppDelegate.swift; sourceTree = "<group>"; };
		87038A3D1FA3714800A887FE /* CategoriesVC.swift */ = {isa = PBXFileReference; lastKnownFileType = sourcecode.swift; path = CategoriesVC.swift; sourceTree = "<group>"; };
		87038A401FA3714800A887FE /* Base */ = {isa = PBXFileReference; lastKnownFileType = file.storyboard; name = Base; path = Base.lproj/Main.storyboard; sourceTree = "<group>"; };
		87038A421FA3714800A887FE /* Assets.xcassets */ = {isa = PBXFileReference; lastKnownFileType = folder.assetcatalog; path = Assets.xcassets; sourceTree = "<group>"; };
		87038A451FA3714800A887FE /* Base */ = {isa = PBXFileReference; lastKnownFileType = file.storyboard; name = Base; path = Base.lproj/LaunchScreen.storyboard; sourceTree = "<group>"; };
		87038A471FA3714800A887FE /* Info.plist */ = {isa = PBXFileReference; lastKnownFileType = text.plist.xml; path = Info.plist; sourceTree = "<group>"; };
		874F41491FA5139000654FCE /* SFUIText-Medium.otf */ = {isa = PBXFileReference; lastKnownFileType = file; path = "SFUIText-Medium.otf"; sourceTree = "<group>"; };
		874F414A1FA5139000654FCE /* SFUIText-Semibold.otf */ = {isa = PBXFileReference; lastKnownFileType = file; path = "SFUIText-Semibold.otf"; sourceTree = "<group>"; };
		874F414B1FA5139000654FCE /* SFUIText-Regular.otf */ = {isa = PBXFileReference; lastKnownFileType = file; path = "SFUIText-Regular.otf"; sourceTree = "<group>"; };
		874F414C1FA514D500654FCE /* PlayfairDisplay-Black.ttf */ = {isa = PBXFileReference; lastKnownFileType = file; path = "PlayfairDisplay-Black.ttf"; sourceTree = "<group>"; };
		874F414D1FA514D500654FCE /* PlayfairDisplay-Bold.ttf */ = {isa = PBXFileReference; lastKnownFileType = file; path = "PlayfairDisplay-Bold.ttf"; sourceTree = "<group>"; };
		874F414E1FA514D600654FCE /* PlayfairDisplay-Regular.ttf */ = {isa = PBXFileReference; lastKnownFileType = file; path = "PlayfairDisplay-Regular.ttf"; sourceTree = "<group>"; };
		874F41521FA516F200654FCE /* CategoryCell.swift */ = {isa = PBXFileReference; lastKnownFileType = sourcecode.swift; path = CategoryCell.swift; sourceTree = "<group>"; };
		8756249B1FA5DE4600FAF9EE /* Category.swift */ = {isa = PBXFileReference; lastKnownFileType = sourcecode.swift; path = Category.swift; sourceTree = "<group>"; };
		8756249E1FA5E03600FAF9EE /* dataService.swift */ = {isa = PBXFileReference; lastKnownFileType = sourcecode.swift; path = dataService.swift; sourceTree = "<group>"; };
		87C7964E1FA6160000CFA68F /* ProductCell.swift */ = {isa = PBXFileReference; lastKnownFileType = sourcecode.swift; path = ProductCell.swift; sourceTree = "<group>"; };
		87C796501FA6181200CFA68F /* Porduct.swift */ = {isa = PBXFileReference; lastKnownFileType = sourcecode.swift; path = Porduct.swift; sourceTree = "<group>"; };
		87C796521FA62F1200CFA68F /* ProductVC.swift */ = {isa = PBXFileReference; lastKnownFileType = sourcecode.swift; path = ProductVC.swift; sourceTree = "<group>"; };
/* End PBXFileReference section */

/* Begin PBXFrameworksBuildPhase section */
		87038A351FA3714800A887FE /* Frameworks */ = {
			isa = PBXFrameworksBuildPhase;
			buildActionMask = 2147483647;
			files = (
			);
			runOnlyForDeploymentPostprocessing = 0;
		};
/* End PBXFrameworksBuildPhase section */

/* Begin PBXGroup section */
		87038A2F1FA3714800A887FE = {
			isa = PBXGroup;
			children = (
				87038A3A1FA3714800A887FE /* ecmcApp */,
				87038A391FA3714800A887FE /* Products */,
			);
			sourceTree = "<group>";
		};
		87038A391FA3714800A887FE /* Products */ = {
			isa = PBXGroup;
			children = (
				87038A381FA3714800A887FE /* ecmcApp.app */,
			);
			name = Products;
			sourceTree = "<group>";
		};
		87038A3A1FA3714800A887FE /* ecmcApp */ = {
			isa = PBXGroup;
			children = (
				8756249D1FA5E01000FAF9EE /* Services */,
				8718DC991FA4DC1A00388484 /* resource */,
				87CC69191FA3733A004F19C2 /* View */,
				87CC691B1FA37364004F19C2 /* Model */,
				87CC691C1FA3736E004F19C2 /* Controller */,
				87038A3B1FA3714800A887FE /* AppDelegate.swift */,
				87038A3F1FA3714800A887FE /* Main.storyboard */,
				87038A421FA3714800A887FE /* Assets.xcassets */,
				87038A441FA3714800A887FE /* LaunchScreen.storyboard */,
				87038A471FA3714800A887FE /* Info.plist */,
			);
			path = ecmcApp;
			sourceTree = "<group>";
		};
		8718DC991FA4DC1A00388484 /* resource */ = {
			isa = PBXGroup;
			children = (
				874F414C1FA514D500654FCE /* PlayfairDisplay-Black.ttf */,
				874F414D1FA514D500654FCE /* PlayfairDisplay-Bold.ttf */,
				874F414E1FA514D600654FCE /* PlayfairDisplay-Regular.ttf */,
				874F41491FA5139000654FCE /* SFUIText-Medium.otf */,
				874F414B1FA5139000654FCE /* SFUIText-Regular.otf */,
				874F414A1FA5139000654FCE /* SFUIText-Semibold.otf */,
			);
			path = resource;
			sourceTree = "<group>";
		};
		8756249D1FA5E01000FAF9EE /* Services */ = {
			isa = PBXGroup;
			children = (
				8756249E1FA5E03600FAF9EE /* dataService.swift */,
			);
			path = Services;
			sourceTree = "<group>";
		};
		87CC69191FA3733A004F19C2 /* View */ = {
			isa = PBXGroup;
			children = (
				874F41521FA516F200654FCE /* CategoryCell.swift */,
				87C7964E1FA6160000CFA68F /* ProductCell.swift */,
			);
			path = View;
			sourceTree = "<group>";
		};
		87CC691B1FA37364004F19C2 /* Model */ = {
			isa = PBXGroup;
			children = (
				8756249B1FA5DE4600FAF9EE /* Category.swift */,
				87C796501FA6181200CFA68F /* Porduct.swift */,
			);
			path = Model;
			sourceTree = "<group>";
		};
		87CC691C1FA3736E004F19C2 /* Controller */ = {
			isa = PBXGroup;
			children = (
				87038A3D1FA3714800A887FE /* CategoriesVC.swift */,
				87C796521FA62F1200CFA68F /* ProductVC.swift */,
			);
			path = Controller;
			sourceTree = "<group>";
		};
/* End PBXGroup section */

/* Begin PBXNativeTarget section */
		87038A371FA3714800A887FE /* ecmcApp */ = {
			isa = PBXNativeTarget;
			buildConfigurationList = 87038A4A1FA3714800A887FE /* Build configuration list for PBXNativeTarget "ecmcApp" */;
			buildPhases = (
				87038A341FA3714800A887FE /* Sources */,
				87038A351FA3714800A887FE /* Frameworks */,
				87038A361FA3714800A887FE /* Resources */,
			);
			buildRules = (
			);
			dependencies = (
			);
			name = ecmcApp;
			productName = ecmcApp;
			productReference = 87038A381FA3714800A887FE /* ecmcApp.app */;
			productType = "com.apple.product-type.application";
		};
/* End PBXNativeTarget section */

/* Begin PBXProject section */
		87038A301FA3714800A887FE /* Project object */ = {
			isa = PBXProject;
			attributes = {
				LastSwiftUpdateCheck = 0900;
				LastUpgradeCheck = 0900;
				ORGANIZATIONNAME = "Sahariar Kabir";
				TargetAttributes = {
					87038A371FA3714800A887FE = {
						CreatedOnToolsVersion = 9.0.1;
						ProvisioningStyle = Automatic;
					};
				};
			};
			buildConfigurationList = 87038A331FA3714800A887FE /* Build configuration list for PBXProject "ecmcApp" */;
			compatibilityVersion = "Xcode 8.0";
			developmentRegion = en;
			hasScannedForEncodings = 0;
			knownRegions = (
				en,
				Base,
			);
			mainGroup = 87038A2F1FA3714800A887FE;
			productRefGroup = 87038A391FA3714800A887FE /* Products */;
			projectDirPath = "";
			projectRoot = "";
			targets = (
				87038A371FA3714800A887FE /* ecmcApp */,
			);
		};
/* End PBXProject section */

/* Begin PBXResourcesBuildPhase section */
		87038A361FA3714800A887FE /* Resources */ = {
			isa = PBXResourcesBuildPhase;
			buildActionMask = 2147483647;
			files = (
				87038A461FA3714800A887FE /* LaunchScreen.storyboard in Resources */,
				874F414F1FA514D600654FCE /* PlayfairDisplay-Black.ttf in Resources */,
				874F41511FA514D600654FCE /* PlayfairDisplay-Regular.ttf in Resources */,
				87038A431FA3714800A887FE /* Assets.xcassets in Resources */,
				874F41501FA514D600654FCE /* PlayfairDisplay-Bold.ttf in Resources */,
				87038A411FA3714800A887FE /* Main.storyboard in Resources */,
			);
			runOnlyForDeploymentPostprocessing = 0;
		};
/* End PBXResourcesBuildPhase section */

/* Begin PBXSourcesBuildPhase section */
		87038A341FA3714800A887FE /* Sources */ = {
			isa = PBXSourcesBuildPhase;
			buildActionMask = 2147483647;
			files = (
				87038A3E1FA3714800A887FE /* CategoriesVC.swift in Sources */,
				87038A3C1FA3714800A887FE /* AppDelegate.swift in Sources */,
				87C796511FA6181200CFA68F /* Porduct.swift in Sources */,
				874F41531FA516F200654FCE /* CategoryCell.swift in Sources */,
				87C796531FA62F1200CFA68F /* ProductVC.swift in Sources */,
				87C7964F1FA6160000CFA68F /* ProductCell.swift in Sources */,
				8756249C1FA5DE4600FAF9EE /* Category.swift in Sources */,
				8756249F1FA5E03600FAF9EE /* dataService.swift in Sources */,
			);
			runOnlyForDeploymentPostprocessing = 0;
		};
/* End PBXSourcesBuildPhase section */

/* Begin PBXVariantGroup section */
		87038A3F1FA3714800A887FE /* Main.storyboard */ = {
			isa = PBXVariantGroup;
			children = (
				87038A401FA3714800A887FE /* Base */,
			);
			name = Main.storyboard;
			sourceTree = "<group>";
		};
		87038A441FA3714800A887FE /* LaunchScreen.storyboard */ = {
			isa = PBXVariantGroup;
			children = (
				87038A451FA3714800A887FE /* Base */,
			);
			name = LaunchScreen.storyboard;
			sourceTree = "<group>";
		};
/* End PBXVariantGroup section */

/* Begin XCBuildConfiguration section */
		87038A481FA3714800A887FE /* Debug */ = {
			isa = XCBuildConfiguration;
			buildSettings = {
				ALWAYS_SEARCH_USER_PATHS = NO;
				CLANG_ANALYZER_NONNULL = YES;
				CLANG_ANALYZER_NUMBER_OBJECT_CONVERSION = YES_AGGRESSIVE;
				CLANG_CXX_LANGUAGE_STANDARD = "gnu++14";
				CLANG_CXX_LIBRARY = "libc++";
				CLANG_ENABLE_MODULES = YES;
				CLANG_ENABLE_OBJC_ARC = YES;
				CLANG_WARN_BLOCK_CAPTURE_AUTORELEASING = YES;
				CLANG_WARN_BOOL_CONVERSION = YES;
				CLANG_WARN_COMMA = YES;
				CLANG_WARN_CONSTANT_CONVERSION = YES;
				CLANG_WARN_DIRECT_OBJC_ISA_USAGE = YES_ERROR;
				CLANG_WARN_DOCUMENTATION_COMMENTS = YES;
				CLANG_WARN_EMPTY_BODY = YES;
				CLANG_WARN_ENUM_CONVERSION = YES;
				CLANG_WARN_INFINITE_RECURSION = YES;
				CLANG_WARN_INT_CONVERSION = YES;
				CLANG_WARN_NON_LITERAL_NULL_CONVERSION = YES;
				CLANG_WARN_OBJC_LITERAL_CONVERSION = YES;
				CLANG_WARN_OBJC_ROOT_CLASS = YES_ERROR;
				CLANG_WARN_RANGE_LOOP_ANALYSIS = YES;
				CLANG_WARN_STRICT_PROTOTYPES = YES;
				CLANG_WARN_SUSPICIOUS_MOVE = YES;
				CLANG_WARN_UNGUARDED_AVAILABILITY = YES_AGGRESSIVE;
				CLANG_WARN_UNREACHABLE_CODE = YES;
				CLANG_WARN__DUPLICATE_METHOD_MATCH = YES;
				CODE_SIGN_IDENTITY = "iPhone Developer";
				COPY_PHASE_STRIP = NO;
				DEBUG_INFORMATION_FORMAT = dwarf;
				ENABLE_STRICT_OBJC_MSGSEND = YES;
				ENABLE_TESTABILITY = YES;
				GCC_C_LANGUAGE_STANDARD = gnu11;
				GCC_DYNAMIC_NO_PIC = NO;
				GCC_NO_COMMON_BLOCKS = YES;
				GCC_OPTIMIZATION_LEVEL = 0;
				GCC_PREPROCESSOR_DEFINITIONS = (
					"DEBUG=1",
					"$(inherited)",
				);
				GCC_WARN_64_TO_32_BIT_CONVERSION = YES;
				GCC_WARN_ABOUT_RETURN_TYPE = YES_ERROR;
				GCC_WARN_UNDECLARED_SELECTOR = YES;
				GCC_WARN_UNINITIALIZED_AUTOS = YES_AGGRESSIVE;
				GCC_WARN_UNUSED_FUNCTION = YES;
				GCC_WARN_UNUSED_VARIABLE = YES;
				IPHONEOS_DEPLOYMENT_TARGET = 11.0;
				MTL_ENABLE_DEBUG_INFO = YES;
				ONLY_ACTIVE_ARCH = YES;
				SDKROOT = iphoneos;
				SWIFT_ACTIVE_COMPILATION_CONDITIONS = DEBUG;
				SWIFT_OPTIMIZATION_LEVEL = "-Onone";
			};
			name = Debug;
		};
		87038A491FA3714800A887FE /* Release */ = {
			isa = XCBuildConfiguration;
			buildSettings = {
				ALWAYS_SEARCH_USER_PATHS = NO;
				CLANG_ANALYZER_NONNULL = YES;
				CLANG_ANALYZER_NUMBER_OBJECT_CONVERSION = YES_AGGRESSIVE;
				CLANG_CXX_LANGUAGE_STANDARD = "gnu++14";
				CLANG_CXX_LIBRARY = "libc++";
				CLANG_ENABLE_MODULES = YES;
				CLANG_ENABLE_OBJC_ARC = YES;
				CLANG_WARN_BLOCK_CAPTURE_AUTORELEASING = YES;
				CLANG_WARN_BOOL_CONVERSION = YES;
				CLANG_WARN_COMMA = YES;
				CLANG_WARN_CONSTANT_CONVERSION = YES;
				CLANG_WARN_DIRECT_OBJC_ISA_USAGE = YES_ERROR;
				CLANG_WARN_DOCUMENTATION_COMMENTS = YES;
				CLANG_WARN_EMPTY_BODY = YES;
				CLANG_WARN_ENUM_CONVERSION = YES;
				CLANG_WARN_INFINITE_RECURSION = YES;
				CLANG_WARN_INT_CONVERSION = YES;
				CLANG_WARN_NON_LITERAL_NULL_CONVERSION = YES;
				CLANG_WARN_OBJC_LITERAL_CONVERSION = YES;
				CLANG_WARN_OBJC_ROOT_CLASS = YES_ERROR;
				CLANG_WARN_RANGE_LOOP_ANALYSIS = YES;
				CLANG_WARN_STRICT_PROTOTYPES = YES;
				CLANG_WARN_SUSPICIOUS_MOVE = YES;
				CLANG_WARN_UNGUARDED_AVAILABILITY = YES_AGGRESSIVE;
				CLANG_WARN_UNREACHABLE_CODE = YES;
				CLANG_WARN__DUPLICATE_METHOD_MATCH = YES;
				CODE_SIGN_IDENTITY = "iPhone Developer";
				COPY_PHASE_STRIP = NO;
				DEBUG_INFORMATION_FORMAT = "dwarf-with-dsym";
				ENABLE_NS_ASSERTIONS = NO;
				ENABLE_STRICT_OBJC_MSGSEND = YES;
				GCC_C_LANGUAGE_STANDARD = gnu11;
				GCC_NO_COMMON_BLOCKS = YES;
				GCC_WARN_64_TO_32_BIT_CONVERSION = YES;
				GCC_WARN_ABOUT_RETURN_TYPE = YES_ERROR;
				GCC_WARN_UNDECLARED_SELECTOR = YES;
				GCC_WARN_UNINITIALIZED_AUTOS = YES_AGGRESSIVE;
				GCC_WARN_UNUSED_FUNCTION = YES;
				GCC_WARN_UNUSED_VARIABLE = YES;
				IPHONEOS_DEPLOYMENT_TARGET = 11.0;
				MTL_ENABLE_DEBUG_INFO = NO;
				SDKROOT = iphoneos;
				SWIFT_OPTIMIZATION_LEVEL = "-Owholemodule";
				VALIDATE_PRODUCT = YES;
			};
			name = Release;
		};
		87038A4B1FA3714800A887FE /* Debug */ = {
			isa = XCBuildConfiguration;
			buildSettings = {
				ASSETCATALOG_COMPILER_APPICON_NAME = AppIcon;
				CODE_SIGN_STYLE = Automatic;
				INFOPLIST_FILE = ecmcApp/Info.plist;
				LD_RUNPATH_SEARCH_PATHS = "$(inherited) @executable_path/Frameworks";
				PRODUCT_BUNDLE_IDENTIFIER = com.sahariarkabir.ecmcApp;
				PRODUCT_NAME = "$(TARGET_NAME)";
				SWIFT_VERSION = 4.0;
				TARGETED_DEVICE_FAMILY = "1,2";
			};
			name = Debug;
		};
		87038A4C1FA3714800A887FE /* Release */ = {
			isa = XCBuildConfiguration;
			buildSettings = {
				ASSETCATALOG_COMPILER_APPICON_NAME = AppIcon;
				CODE_SIGN_STYLE = Automatic;
				INFOPLIST_FILE = ecmcApp/Info.plist;
				LD_RUNPATH_SEARCH_PATHS = "$(inherited) @executable_path/Frameworks";
				PRODUCT_BUNDLE_IDENTIFIER = com.sahariarkabir.ecmcApp;
				PRODUCT_NAME = "$(TARGET_NAME)";
				SWIFT_VERSION = 4.0;
				TARGETED_DEVICE_FAMILY = "1,2";
			};
			name = Release;
		};
/* End XCBuildConfiguration section */

/* Begin XCConfigurationList section */
		87038A331FA3714800A887FE /* Build configuration list for PBXProject "ecmcApp" */ = {
			isa = XCConfigurationList;
			buildConfigurations = (
				87038A481FA3714800A887FE /* Debug */,
				87038A491FA3714800A887FE /* Release */,
			);
			defaultConfigurationIsVisible = 0;
			defaultConfigurationName = Release;
		};
		87038A4A1FA3714800A887FE /* Build configuration list for PBXNativeTarget "ecmcApp" */ = {
			isa = XCConfigurationList;
			buildConfigurations = (
				87038A4B1FA3714800A887FE /* Debug */,
				87038A4C1FA3714800A887FE /* Release */,
			);
			defaultConfigurationIsVisible = 0;
			defaultConfigurationName = Release;
		};
/* End XCConfigurationList section */
	};
	rootObject = 87038A301FA3714800A887FE /* Project object */;
}
